
Microsoft Visual Studio Solution File, Format Version 12.00
Project("{2150E333-8FDC-42A3-9474-1A3956D46DE8}") = "src", "src", "{9527855B-A10B-46BC-84CD-1FB1F68E191F}"
EndProject
Project("{2150E333-8FDC-42A3-9474-1A3956D46DE8}") = "tests", "tests", "{6DF2E646-7D53-4C60-81F3-53D6A69B7AE0}"
EndProject
Project("{FAE04EC0-301F-11D3-BF4B-00C04F79EFBC}") = "Russkyc.GroomWise", "Russkyc.GroomWise\Russkyc.GroomWise.csproj", "{A82F86AC-0A28-486F-AB47-E62563AA7330}"
EndProject
Global
	GlobalSection(SolutionConfigurationPlatforms) = preSolution
		Debug|Any CPU = Debug|Any CPU
		Release|Any CPU = Release|Any CPU
	EndGlobalSection
	GlobalSection(NestedProjects) = preSolution
		{A82F86AC-0A28-486F-AB47-E62563AA7330} = {9527855B-A10B-46BC-84CD-1FB1F68E191F}
	EndGlobalSection
	GlobalSection(ProjectConfigurationPlatforms) = postSolution
		{A82F86AC-0A28-486F-AB47-E62563AA7330}.Debug|Any CPU.ActiveCfg = Debug|Any CPU
		{A82F86AC-0A28-486F-AB47-E62563AA7330}.Debug|Any CPU.Build.0 = Debug|Any CPU
		{A82F86AC-0A28-486F-AB47-E62563AA7330}.Release|Any CPU.ActiveCfg = Release|Any CPU
		{A82F86AC-0A28-486F-AB47-E62563AA7330}.Release|Any CPU.Build.0 = Release|Any CPU
	EndGlobalSection
EndGlobal
