
Microsoft Visual Studio Solution File, Format Version 12.00
Project("{2150E333-8FDC-42A3-9474-1A3956D46DE8}") = "src", "src", "{9527855B-A10B-46BC-84CD-1FB1F68E191F}"
EndProject
Project("{2150E333-8FDC-42A3-9474-1A3956D46DE8}") = "tests", "tests", "{6DF2E646-7D53-4C60-81F3-53D6A69B7AE0}"
EndProject
Project("{FAE04EC0-301F-11D3-BF4B-00C04F79EFBC}") = "GroomWise.WPF", "GroomWise.WPF\GroomWise.WPF.csproj", "{A82F86AC-0A28-486F-AB47-E62563AA7330}"
EndProject
Project("{FAE04EC0-301F-11D3-BF4B-00C04F79EFBC}") = "GroomWise.Domain", "GroomWise.Domain\GroomWise.Domain.csproj", "{E66484F2-0EB2-436A-9F71-BC72FCF57387}"
EndProject
Project("{FAE04EC0-301F-11D3-BF4B-00C04F79EFBC}") = "GroomWise.Infrastructure", "GroomWise.Infrastructure\GroomWise.Infrastructure.csproj", "{F6CAC5A5-78CB-4D39-A93A-97B182D6989D}"
EndProject
Project("{FAE04EC0-301F-11D3-BF4B-00C04F79EFBC}") = "Groomwise.Tests", "Groomwise.Tests\Groomwise.Tests.csproj", "{7EC6832E-2151-4E87-8F7E-E64AEE8B81CB}"
EndProject
Project("{FAE04EC0-301F-11D3-BF4B-00C04F79EFBC}") = "GroomWise.Application", "GroomWise.Application\GroomWise.Application.csproj", "{F52B2872-5A9E-4A2D-825D-21B121FBDAEF}"
EndProject
Global
	GlobalSection(SolutionConfigurationPlatforms) = preSolution
		Debug|Any CPU = Debug|Any CPU
		Release|Any CPU = Release|Any CPU
	EndGlobalSection
	GlobalSection(NestedProjects) = preSolution
		{A82F86AC-0A28-486F-AB47-E62563AA7330} = {9527855B-A10B-46BC-84CD-1FB1F68E191F}
		{E66484F2-0EB2-436A-9F71-BC72FCF57387} = {9527855B-A10B-46BC-84CD-1FB1F68E191F}
		{F6CAC5A5-78CB-4D39-A93A-97B182D6989D} = {9527855B-A10B-46BC-84CD-1FB1F68E191F}
		{7EC6832E-2151-4E87-8F7E-E64AEE8B81CB} = {6DF2E646-7D53-4C60-81F3-53D6A69B7AE0}
		{F52B2872-5A9E-4A2D-825D-21B121FBDAEF} = {9527855B-A10B-46BC-84CD-1FB1F68E191F}
	EndGlobalSection
	GlobalSection(ProjectConfigurationPlatforms) = postSolution
		{A82F86AC-0A28-486F-AB47-E62563AA7330}.Debug|Any CPU.ActiveCfg = Debug|Any CPU
		{A82F86AC-0A28-486F-AB47-E62563AA7330}.Debug|Any CPU.Build.0 = Debug|Any CPU
		{A82F86AC-0A28-486F-AB47-E62563AA7330}.Release|Any CPU.ActiveCfg = Release|Any CPU
		{A82F86AC-0A28-486F-AB47-E62563AA7330}.Release|Any CPU.Build.0 = Release|Any CPU
		{E66484F2-0EB2-436A-9F71-BC72FCF57387}.Debug|Any CPU.ActiveCfg = Debug|Any CPU
		{E66484F2-0EB2-436A-9F71-BC72FCF57387}.Debug|Any CPU.Build.0 = Debug|Any CPU
		{E66484F2-0EB2-436A-9F71-BC72FCF57387}.Release|Any CPU.ActiveCfg = Release|Any CPU
		{E66484F2-0EB2-436A-9F71-BC72FCF57387}.Release|Any CPU.Build.0 = Release|Any CPU
		{F6CAC5A5-78CB-4D39-A93A-97B182D6989D}.Debug|Any CPU.ActiveCfg = Debug|Any CPU
		{F6CAC5A5-78CB-4D39-A93A-97B182D6989D}.Debug|Any CPU.Build.0 = Debug|Any CPU
		{F6CAC5A5-78CB-4D39-A93A-97B182D6989D}.Release|Any CPU.ActiveCfg = Release|Any CPU
		{F6CAC5A5-78CB-4D39-A93A-97B182D6989D}.Release|Any CPU.Build.0 = Release|Any CPU
		{7EC6832E-2151-4E87-8F7E-E64AEE8B81CB}.Debug|Any CPU.ActiveCfg = Debug|Any CPU
		{7EC6832E-2151-4E87-8F7E-E64AEE8B81CB}.Debug|Any CPU.Build.0 = Debug|Any CPU
		{7EC6832E-2151-4E87-8F7E-E64AEE8B81CB}.Release|Any CPU.ActiveCfg = Release|Any CPU
		{7EC6832E-2151-4E87-8F7E-E64AEE8B81CB}.Release|Any CPU.Build.0 = Release|Any CPU
		{F52B2872-5A9E-4A2D-825D-21B121FBDAEF}.Debug|Any CPU.ActiveCfg = Debug|Any CPU
		{F52B2872-5A9E-4A2D-825D-21B121FBDAEF}.Debug|Any CPU.Build.0 = Debug|Any CPU
		{F52B2872-5A9E-4A2D-825D-21B121FBDAEF}.Release|Any CPU.ActiveCfg = Release|Any CPU
		{F52B2872-5A9E-4A2D-825D-21B121FBDAEF}.Release|Any CPU.Build.0 = Release|Any CPU
	EndGlobalSection
EndGlobal
